
Microsoft Visual Studio Solution File, Format Version 12.00
# Visual Studio Version 17
VisualStudioVersion = 17.1.32210.238
MinimumVisualStudioVersion = 10.0.40219.1
Project("{FAE04EC0-301F-11D3-BF4B-00C04F79EFBC}") = "Fastfood Ordering System", "Fastfood Ordering System.csproj", "{019042FC-0734-40EB-8E2E-826E57409412}"
EndProject
Project("{FAE04EC0-301F-11D3-BF4B-00C04F79EFBC}") = "FFOS Backend Library", "..\FFOS Backend Library\FFOS Backend Library.csproj", "{721E21B6-5BBF-47DD-808F-7DCF61DF11BB}"
EndProject
Global
	GlobalSection(SolutionConfigurationPlatforms) = preSolution
		Debug|Any CPU = Debug|Any CPU
		Release|Any CPU = Release|Any CPU
	EndGlobalSection
	GlobalSection(ProjectConfigurationPlatforms) = postSolution
		{019042FC-0734-40EB-8E2E-826E57409412}.Debug|Any CPU.ActiveCfg = Debug|Any CPU
		{019042FC-0734-40EB-8E2E-826E57409412}.Debug|Any CPU.Build.0 = Debug|Any CPU
		{019042FC-0734-40EB-8E2E-826E57409412}.Release|Any CPU.ActiveCfg = Release|Any CPU
		{019042FC-0734-40EB-8E2E-826E57409412}.Release|Any CPU.Build.0 = Release|Any CPU
		{721E21B6-5BBF-47DD-808F-7DCF61DF11BB}.Debug|Any CPU.ActiveCfg = Debug|Any CPU
		{721E21B6-5BBF-47DD-808F-7DCF61DF11BB}.Debug|Any CPU.Build.0 = Debug|Any CPU
		{721E21B6-5BBF-47DD-808F-7DCF61DF11BB}.Release|Any CPU.ActiveCfg = Release|Any CPU
		{721E21B6-5BBF-47DD-808F-7DCF61DF11BB}.Release|Any CPU.Build.0 = Release|Any CPU
	EndGlobalSection
	GlobalSection(SolutionProperties) = preSolution
		HideSolutionNode = FALSE
	EndGlobalSection
	GlobalSection(ExtensibilityGlobals) = postSolution
		SolutionGuid = {880404A7-C282-47DC-8208-53036E999E1B}
	EndGlobalSection
EndGlobal
